// !$*UTF8*$!
{
	archiveVersion = 1;
	classes = {
	};
	objectVersion = 48;
	objects = {

/* Begin PBXBuildFile section */
		594595CA10ADEF10CD3FDD82 /* Pods_ToneAnalyzer.framework in Frameworks */ = {isa = PBXBuildFile; fileRef = 0C5351C5D04230A1963773D5 /* Pods_ToneAnalyzer.framework */; };
		84D1BC6020078E8C004404D8 /* AppDelegate.swift in Sources */ = {isa = PBXBuildFile; fileRef = 84D1BC5F20078E8C004404D8 /* AppDelegate.swift */; };
		84D1BC6220078E8C004404D8 /* ViewController.swift in Sources */ = {isa = PBXBuildFile; fileRef = 84D1BC6120078E8C004404D8 /* ViewController.swift */; };
		84D1BC6520078E8C004404D8 /* Main.storyboard in Resources */ = {isa = PBXBuildFile; fileRef = 84D1BC6320078E8C004404D8 /* Main.storyboard */; };
		84D1BC6720078E8C004404D8 /* Assets.xcassets in Resources */ = {isa = PBXBuildFile; fileRef = 84D1BC6620078E8C004404D8 /* Assets.xcassets */; };
		84D1BC6A20078E8C004404D8 /* LaunchScreen.storyboard in Resources */ = {isa = PBXBuildFile; fileRef = 84D1BC6820078E8C004404D8 /* LaunchScreen.storyboard */; };
		84F5AC8820087D1F00657EBE /* Utility.swift in Sources */ = {isa = PBXBuildFile; fileRef = 84F5AC8720087D1F00657EBE /* Utility.swift */; };
/* End PBXBuildFile section */

/* Begin PBXFileReference section */
		0C5351C5D04230A1963773D5 /* Pods_ToneAnalyzer.framework */ = {isa = PBXFileReference; explicitFileType = wrapper.framework; includeInIndex = 0; path = Pods_ToneAnalyzer.framework; sourceTree = BUILT_PRODUCTS_DIR; };
		4BD3B33A5B6DC55846115DFB /* Pods-ToneAnalyzer.release.xcconfig */ = {isa = PBXFileReference; includeInIndex = 1; lastKnownFileType = text.xcconfig; name = "Pods-ToneAnalyzer.release.xcconfig"; path = "Pods/Target Support Files/Pods-ToneAnalyzer/Pods-ToneAnalyzer.release.xcconfig"; sourceTree = "<group>"; };
		84D1BC5C20078E8C004404D8 /* ToneAnalyzer.app */ = {isa = PBXFileReference; explicitFileType = wrapper.application; includeInIndex = 0; path = ToneAnalyzer.app; sourceTree = BUILT_PRODUCTS_DIR; };
		84D1BC5F20078E8C004404D8 /* AppDelegate.swift */ = {isa = PBXFileReference; lastKnownFileType = sourcecode.swift; path = AppDelegate.swift; sourceTree = "<group>"; };
		84D1BC6120078E8C004404D8 /* ViewController.swift */ = {isa = PBXFileReference; lastKnownFileType = sourcecode.swift; path = ViewController.swift; sourceTree = "<group>"; };
		84D1BC6420078E8C004404D8 /* Base */ = {isa = PBXFileReference; lastKnownFileType = file.storyboard; name = Base; path = Base.lproj/Main.storyboard; sourceTree = "<group>"; };
		84D1BC6620078E8C004404D8 /* Assets.xcassets */ = {isa = PBXFileReference; lastKnownFileType = folder.assetcatalog; path = Assets.xcassets; sourceTree = "<group>"; };
		84D1BC6920078E8C004404D8 /* Base */ = {isa = PBXFileReference; lastKnownFileType = file.storyboard; name = Base; path = Base.lproj/LaunchScreen.storyboard; sourceTree = "<group>"; };
		84D1BC6B20078E8C004404D8 /* Info.plist */ = {isa = PBXFileReference; lastKnownFileType = text.plist.xml; path = Info.plist; sourceTree = "<group>"; };
		84F5AC8720087D1F00657EBE /* Utility.swift */ = {isa = PBXFileReference; fileEncoding = 4; lastKnownFileType = sourcecode.swift; path = Utility.swift; sourceTree = "<group>"; };
		A13BA89CFF459DED1047EDCD /* Pods-ToneAnalyzer.debug.xcconfig */ = {isa = PBXFileReference; includeInIndex = 1; lastKnownFileType = text.xcconfig; name = "Pods-ToneAnalyzer.debug.xcconfig"; path = "Pods/Target Support Files/Pods-ToneAnalyzer/Pods-ToneAnalyzer.debug.xcconfig"; sourceTree = "<group>"; };
/* End PBXFileReference section */

/* Begin PBXFrameworksBuildPhase section */
		84D1BC5920078E8C004404D8 /* Frameworks */ = {
			isa = PBXFrameworksBuildPhase;
			buildActionMask = 2147483647;
			files = (
				594595CA10ADEF10CD3FDD82 /* Pods_ToneAnalyzer.framework in Frameworks */,
			);
			runOnlyForDeploymentPostprocessing = 0;
		};
/* End PBXFrameworksBuildPhase section */

/* Begin PBXGroup section */
		5A15B888E0CD6C9E68FE0FFE /* Frameworks */ = {
			isa = PBXGroup;
			children = (
				0C5351C5D04230A1963773D5 /* Pods_ToneAnalyzer.framework */,
			);
			name = Frameworks;
			sourceTree = "<group>";
		};
		84D1BC5320078E8C004404D8 = {
			isa = PBXGroup;
			children = (
				84D1BC5E20078E8C004404D8 /* ToneAnalyzer */,
				84D1BC5D20078E8C004404D8 /* Products */,
				A5AF4E93AF60FFE77CD81887 /* Pods */,
				5A15B888E0CD6C9E68FE0FFE /* Frameworks */,
			);
			sourceTree = "<group>";
		};
		84D1BC5D20078E8C004404D8 /* Products */ = {
			isa = PBXGroup;
			children = (
				84D1BC5C20078E8C004404D8 /* ToneAnalyzer.app */,
			);
			name = Products;
			sourceTree = "<group>";
		};
		84D1BC5E20078E8C004404D8 /* ToneAnalyzer */ = {
			isa = PBXGroup;
			children = (
				84F5AC8720087D1F00657EBE /* Utility.swift */,
				84D1BC5F20078E8C004404D8 /* AppDelegate.swift */,
				84D1BC6120078E8C004404D8 /* ViewController.swift */,
				84D1BC6320078E8C004404D8 /* Main.storyboard */,
				84D1BC6620078E8C004404D8 /* Assets.xcassets */,
				84D1BC6820078E8C004404D8 /* LaunchScreen.storyboard */,
				84D1BC6B20078E8C004404D8 /* Info.plist */,
			);
			path = ToneAnalyzer;
			sourceTree = "<group>";
		};
		A5AF4E93AF60FFE77CD81887 /* Pods */ = {
			isa = PBXGroup;
			children = (
				A13BA89CFF459DED1047EDCD /* Pods-ToneAnalyzer.debug.xcconfig */,
				4BD3B33A5B6DC55846115DFB /* Pods-ToneAnalyzer.release.xcconfig */,
			);
			name = Pods;
			sourceTree = "<group>";
		};
/* End PBXGroup section */

/* Begin PBXNativeTarget section */
		84D1BC5B20078E8C004404D8 /* ToneAnalyzer */ = {
			isa = PBXNativeTarget;
			buildConfigurationList = 84D1BC6E20078E8C004404D8 /* Build configuration list for PBXNativeTarget "ToneAnalyzer" */;
			buildPhases = (
				A0CF6B4EE6BDE254D6711BB7 /* [CP] Check Pods Manifest.lock */,
				84D1BC5820078E8C004404D8 /* Sources */,
				84D1BC5920078E8C004404D8 /* Frameworks */,
				84D1BC5A20078E8C004404D8 /* Resources */,
				C41A6833923AFFD02B86290F /* [CP] Embed Pods Frameworks */,
				3C88105D218C43FAF0FBFEFC /* [CP] Copy Pods Resources */,
			);
			buildRules = (
			);
			dependencies = (
			);
			name = ToneAnalyzer;
			productName = ToneAnalyzer;
			productReference = 84D1BC5C20078E8C004404D8 /* ToneAnalyzer.app */;
			productType = "com.apple.product-type.application";
		};
/* End PBXNativeTarget section */

/* Begin PBXProject section */
		84D1BC5420078E8C004404D8 /* Project object */ = {
			isa = PBXProject;
			attributes = {
				LastSwiftUpdateCheck = 0910;
				LastUpgradeCheck = 0910;
				ORGANIZATIONNAME = Vishal;
				TargetAttributes = {
					84D1BC5B20078E8C004404D8 = {
						CreatedOnToolsVersion = 9.1;
						ProvisioningStyle = Manual;
					};
				};
			};
			buildConfigurationList = 84D1BC5720078E8C004404D8 /* Build configuration list for PBXProject "ToneAnalyzer" */;
			compatibilityVersion = "Xcode 8.0";
			developmentRegion = en;
			hasScannedForEncodings = 0;
			knownRegions = (
				en,
				Base,
			);
			mainGroup = 84D1BC5320078E8C004404D8;
			productRefGroup = 84D1BC5D20078E8C004404D8 /* Products */;
			projectDirPath = "";
			projectRoot = "";
			targets = (
				84D1BC5B20078E8C004404D8 /* ToneAnalyzer */,
			);
		};
/* End PBXProject section */

/* Begin PBXResourcesBuildPhase section */
		84D1BC5A20078E8C004404D8 /* Resources */ = {
			isa = PBXResourcesBuildPhase;
			buildActionMask = 2147483647;
			files = (
				84D1BC6A20078E8C004404D8 /* LaunchScreen.storyboard in Resources */,
				84D1BC6720078E8C004404D8 /* Assets.xcassets in Resources */,
				84D1BC6520078E8C004404D8 /* Main.storyboard in Resources */,
			);
			runOnlyForDeploymentPostprocessing = 0;
		};
/* End PBXResourcesBuildPhase section */

/* Begin PBXShellScriptBuildPhase section */
		3C88105D218C43FAF0FBFEFC /* [CP] Copy Pods Resources */ = {
			isa = PBXShellScriptBuildPhase;
			buildActionMask = 2147483647;
			files = (
			);
			inputPaths = (
			);
			name = "[CP] Copy Pods Resources";
			outputPaths = (
			);
			runOnlyForDeploymentPostprocessing = 0;
			shellPath = /bin/sh;
			shellScript = "\"${SRCROOT}/Pods/Target Support Files/Pods-ToneAnalyzer/Pods-ToneAnalyzer-resources.sh\"\n";
			showEnvVarsInLog = 0;
		};
		A0CF6B4EE6BDE254D6711BB7 /* [CP] Check Pods Manifest.lock */ = {
			isa = PBXShellScriptBuildPhase;
			buildActionMask = 2147483647;
			files = (
			);
			inputPaths = (
				"${PODS_PODFILE_DIR_PATH}/Podfile.lock",
				"${PODS_ROOT}/Manifest.lock",
			);
			name = "[CP] Check Pods Manifest.lock";
			outputPaths = (
				"$(DERIVED_FILE_DIR)/Pods-ToneAnalyzer-checkManifestLockResult.txt",
			);
			runOnlyForDeploymentPostprocessing = 0;
			shellPath = /bin/sh;
			shellScript = "diff \"${PODS_PODFILE_DIR_PATH}/Podfile.lock\" \"${PODS_ROOT}/Manifest.lock\" > /dev/null\nif [ $? != 0 ] ; then\n    # print error to STDERR\n    echo \"error: The sandbox is not in sync with the Podfile.lock. Run 'pod install' or update your CocoaPods installation.\" >&2\n    exit 1\nfi\n# This output is used by Xcode 'outputs' to avoid re-running this script phase.\necho \"SUCCESS\" > \"${SCRIPT_OUTPUT_FILE_0}\"\n";
			showEnvVarsInLog = 0;
		};
		C41A6833923AFFD02B86290F /* [CP] Embed Pods Frameworks */ = {
			isa = PBXShellScriptBuildPhase;
			buildActionMask = 2147483647;
			files = (
			);
			inputPaths = (
				"${SRCROOT}/Pods/Target Support Files/Pods-ToneAnalyzer/Pods-ToneAnalyzer-frameworks.sh",
				"${BUILT_PRODUCTS_DIR}/Alamofire/Alamofire.framework",
			);
			name = "[CP] Embed Pods Frameworks";
			outputPaths = (
				"${TARGET_BUILD_DIR}/${FRAMEWORKS_FOLDER_PATH}/Alamofire.framework",
			);
			runOnlyForDeploymentPostprocessing = 0;
			shellPath = /bin/sh;
			shellScript = "\"${SRCROOT}/Pods/Target Support Files/Pods-ToneAnalyzer/Pods-ToneAnalyzer-frameworks.sh\"\n";
			showEnvVarsInLog = 0;
		};
/* End PBXShellScriptBuildPhase section */

/* Begin PBXSourcesBuildPhase section */
		84D1BC5820078E8C004404D8 /* Sources */ = {
			isa = PBXSourcesBuildPhase;
			buildActionMask = 2147483647;
			files = (
				84D1BC6220078E8C004404D8 /* ViewController.swift in Sources */,
				84D1BC6020078E8C004404D8 /* AppDelegate.swift in Sources */,
				84F5AC8820087D1F00657EBE /* Utility.swift in Sources */,
			);
			runOnlyForDeploymentPostprocessing = 0;
		};
/* End PBXSourcesBuildPhase section */

/* Begin PBXVariantGroup section */
		84D1BC6320078E8C004404D8 /* Main.storyboard */ = {
			isa = PBXVariantGroup;
			children = (
				84D1BC6420078E8C004404D8 /* Base */,
			);
			name = Main.storyboard;
			sourceTree = "<group>";
		};
		84D1BC6820078E8C004404D8 /* LaunchScreen.storyboard */ = {
			isa = PBXVariantGroup;
			children = (
				84D1BC6920078E8C004404D8 /* Base */,
			);
			name = LaunchScreen.storyboard;
			sourceTree = "<group>";
		};
/* End PBXVariantGroup section */

/* Begin XCBuildConfiguration section */
		84D1BC6C20078E8C004404D8 /* Debug */ = {
			isa = XCBuildConfiguration;
			buildSettings = {
				ALWAYS_SEARCH_USER_PATHS = NO;
				CLANG_ANALYZER_NONNULL = YES;
				CLANG_ANALYZER_NUMBER_OBJECT_CONVERSION = YES_AGGRESSIVE;
				CLANG_CXX_LANGUAGE_STANDARD = "gnu++14";
				CLANG_CXX_LIBRARY = "libc++";
				CLANG_ENABLE_MODULES = YES;
				CLANG_ENABLE_OBJC_ARC = YES;
				CLANG_WARN_BLOCK_CAPTURE_AUTORELEASING = YES;
				CLANG_WARN_BOOL_CONVERSION = YES;
				CLANG_WARN_COMMA = YES;
				CLANG_WARN_CONSTANT_CONVERSION = YES;
				CLANG_WARN_DIRECT_OBJC_ISA_USAGE = YES_ERROR;
				CLANG_WARN_DOCUMENTATION_COMMENTS = YES;
				CLANG_WARN_EMPTY_BODY = YES;
				CLANG_WARN_ENUM_CONVERSION = YES;
				CLANG_WARN_INFINITE_RECURSION = YES;
				CLANG_WARN_INT_CONVERSION = YES;
				CLANG_WARN_NON_LITERAL_NULL_CONVERSION = YES;
				CLANG_WARN_OBJC_LITERAL_CONVERSION = YES;
				CLANG_WARN_OBJC_ROOT_CLASS = YES_ERROR;
				CLANG_WARN_RANGE_LOOP_ANALYSIS = YES;
				CLANG_WARN_STRICT_PROTOTYPES = YES;
				CLANG_WARN_SUSPICIOUS_MOVE = YES;
				CLANG_WARN_UNGUARDED_AVAILABILITY = YES_AGGRESSIVE;
				CLANG_WARN_UNREACHABLE_CODE = YES;
				CLANG_WARN__DUPLICATE_METHOD_MATCH = YES;
				CODE_SIGN_IDENTITY = "iPhone Developer";
				COPY_PHASE_STRIP = NO;
				DEBUG_INFORMATION_FORMAT = dwarf;
				ENABLE_STRICT_OBJC_MSGSEND = YES;
				ENABLE_TESTABILITY = YES;
				GCC_C_LANGUAGE_STANDARD = gnu11;
				GCC_DYNAMIC_NO_PIC = NO;
				GCC_NO_COMMON_BLOCKS = YES;
				GCC_OPTIMIZATION_LEVEL = 0;
				GCC_PREPROCESSOR_DEFINITIONS = (
					"DEBUG=1",
					"$(inherited)",
				);
				GCC_WARN_64_TO_32_BIT_CONVERSION = YES;
				GCC_WARN_ABOUT_RETURN_TYPE = YES_ERROR;
				GCC_WARN_UNDECLARED_SELECTOR = YES;
				GCC_WARN_UNINITIALIZED_AUTOS = YES_AGGRESSIVE;
				GCC_WARN_UNUSED_FUNCTION = YES;
				GCC_WARN_UNUSED_VARIABLE = YES;
				IPHONEOS_DEPLOYMENT_TARGET = 11.1;
				MTL_ENABLE_DEBUG_INFO = YES;
				ONLY_ACTIVE_ARCH = YES;
				SDKROOT = iphoneos;
				SWIFT_ACTIVE_COMPILATION_CONDITIONS = DEBUG;
				SWIFT_OPTIMIZATION_LEVEL = "-Onone";
			};
			name = Debug;
		};
		84D1BC6D20078E8C004404D8 /* Release */ = {
			isa = XCBuildConfiguration;
			buildSettings = {
				ALWAYS_SEARCH_USER_PATHS = NO;
				CLANG_ANALYZER_NONNULL = YES;
				CLANG_ANALYZER_NUMBER_OBJECT_CONVERSION = YES_AGGRESSIVE;
				CLANG_CXX_LANGUAGE_STANDARD = "gnu++14";
				CLANG_CXX_LIBRARY = "libc++";
				CLANG_ENABLE_MODULES = YES;
				CLANG_ENABLE_OBJC_ARC = YES;
				CLANG_WARN_BLOCK_CAPTURE_AUTORELEASING = YES;
				CLANG_WARN_BOOL_CONVERSION = YES;
				CLANG_WARN_COMMA = YES;
				CLANG_WARN_CONSTANT_CONVERSION = YES;
				CLANG_WARN_DIRECT_OBJC_ISA_USAGE = YES_ERROR;
				CLANG_WARN_DOCUMENTATION_COMMENTS = YES;
				CLANG_WARN_EMPTY_BODY = YES;
				CLANG_WARN_ENUM_CONVERSION = YES;
				CLANG_WARN_INFINITE_RECURSION = YES;
				CLANG_WARN_INT_CONVERSION = YES;
				CLANG_WARN_NON_LITERAL_NULL_CONVERSION = YES;
				CLANG_WARN_OBJC_LITERAL_CONVERSION = YES;
				CLANG_WARN_OBJC_ROOT_CLASS = YES_ERROR;
				CLANG_WARN_RANGE_LOOP_ANALYSIS = YES;
				CLANG_WARN_STRICT_PROTOTYPES = YES;
				CLANG_WARN_SUSPICIOUS_MOVE = YES;
				CLANG_WARN_UNGUARDED_AVAILABILITY = YES_AGGRESSIVE;
				CLANG_WARN_UNREACHABLE_CODE = YES;
				CLANG_WARN__DUPLICATE_METHOD_MATCH = YES;
				CODE_SIGN_IDENTITY = "iPhone Developer";
				COPY_PHASE_STRIP = NO;
				DEBUG_INFORMATION_FORMAT = "dwarf-with-dsym";
				ENABLE_NS_ASSERTIONS = NO;
				ENABLE_STRICT_OBJC_MSGSEND = YES;
				GCC_C_LANGUAGE_STANDARD = gnu11;
				GCC_NO_COMMON_BLOCKS = YES;
				GCC_WARN_64_TO_32_BIT_CONVERSION = YES;
				GCC_WARN_ABOUT_RETURN_TYPE = YES_ERROR;
				GCC_WARN_UNDECLARED_SELECTOR = YES;
				GCC_WARN_UNINITIALIZED_AUTOS = YES_AGGRESSIVE;
				GCC_WARN_UNUSED_FUNCTION = YES;
				GCC_WARN_UNUSED_VARIABLE = YES;
				IPHONEOS_DEPLOYMENT_TARGET = 11.1;
				MTL_ENABLE_DEBUG_INFO = NO;
				SDKROOT = iphoneos;
				SWIFT_OPTIMIZATION_LEVEL = "-Owholemodule";
				VALIDATE_PRODUCT = YES;
			};
			name = Release;
		};
		84D1BC6F20078E8C004404D8 /* Debug */ = {
			isa = XCBuildConfiguration;
			baseConfigurationReference = A13BA89CFF459DED1047EDCD /* Pods-ToneAnalyzer.debug.xcconfig */;
			buildSettings = {
				ASSETCATALOG_COMPILER_APPICON_NAME = AppIcon;
				CODE_SIGN_STYLE = Manual;
				DEVELOPMENT_TEAM = "";
				INFOPLIST_FILE = ToneAnalyzer/Info.plist;
				LD_RUNPATH_SEARCH_PATHS = "$(inherited) @executable_path/Frameworks";
				PRODUCT_BUNDLE_IDENTIFIER = com.ToneAnalyzer;
				PRODUCT_NAME = "$(TARGET_NAME)";
				PROVISIONING_PROFILE_SPECIFIER = "";
				SWIFT_VERSION = 4.0;
				TARGETED_DEVICE_FAMILY = "1,2";
			};
			name = Debug;
		};
		84D1BC7020078E8C004404D8 /* Release */ = {
			isa = XCBuildConfiguration;
			baseConfigurationReference = 4BD3B33A5B6DC55846115DFB /* Pods-ToneAnalyzer.release.xcconfig */;
			buildSettings = {
				ASSETCATALOG_COMPILER_APPICON_NAME = AppIcon;
				CODE_SIGN_STYLE = Manual;
				DEVELOPMENT_TEAM = "";
				INFOPLIST_FILE = ToneAnalyzer/Info.plist;
				LD_RUNPATH_SEARCH_PATHS = "$(inherited) @executable_path/Frameworks";
				PRODUCT_BUNDLE_IDENTIFIER = com.ToneAnalyzer;
				PRODUCT_NAME = "$(TARGET_NAME)";
				PROVISIONING_PROFILE_SPECIFIER = "";
				SWIFT_VERSION = 4.0;
				TARGETED_DEVICE_FAMILY = "1,2";
			};
			name = Release;
		};
/* End XCBuildConfiguration section */

/* Begin XCConfigurationList section */
		84D1BC5720078E8C004404D8 /* Build configuration list for PBXProject "ToneAnalyzer" */ = {
			isa = XCConfigurationList;
			buildConfigurations = (
				84D1BC6C20078E8C004404D8 /* Debug */,
				84D1BC6D20078E8C004404D8 /* Release */,
			);
			defaultConfigurationIsVisible = 0;
			defaultConfigurationName = Release;
		};
		84D1BC6E20078E8C004404D8 /* Build configuration list for PBXNativeTarget "ToneAnalyzer" */ = {
			isa = XCConfigurationList;
			buildConfigurations = (
				84D1BC6F20078E8C004404D8 /* Debug */,
				84D1BC7020078E8C004404D8 /* Release */,
			);
			defaultConfigurationIsVisible = 0;
			defaultConfigurationName = Release;
		};
/* End XCConfigurationList section */
	};
	rootObject = 84D1BC5420078E8C004404D8 /* Project object */;
}
